{
  "name": "js-interpreter-demo-nodejs",
  "version": "1.0.0",
  "lockfileVersion": 1,
  "requires": true,
  "dependencies": {
    "@types/acorn": {
      "version": "4.0.5",
      "resolved": "https://registry.npmjs.org/@types/acorn/-/acorn-4.0.5.tgz",
      "integrity": "sha512-603sPiZ4GVRHPvn6vNgEAvJewKsy+zwRWYS2MeIMemgoAtcjlw2G3lALxrb9OPA17J28bkB71R33yXlQbUatCA==",
      "dev": true,
      "requires": {
        "@types/estree": "*"
      }
    },
    "@types/estree": {
      "version": "0.0.37",
      "resolved": "https://registry.npmjs.org/@types/estree/-/estree-0.0.37.tgz",
      "integrity": "sha512-1IT6vNpmU9w18P3v6mN9idv18z5KPVTi4t7+rU9VLnkxo0LCam8IXy/eSVzOaQ1Wpabra2cN3A8K/SliPK/Suw=="
    },
    "@types/node": {
      "version": "8.10.52",
      "resolved": "https://registry.npmjs.org/@types/node/-/node-8.10.52.tgz",
      "integrity": "sha512-2RbW7WXeLex6RI+kQSxq6Ym0GiVcODeQ4Km7MnnTX5BHdOGQnqVa+s6AUmAW+OFYAJ8wv9QxvNZXm7/kBdGTVw==",
      "dev": true
    },
    "JS-Interpreter": {
      "version": "git+https://github.com/arcatdmz/JS-Interpreter.git#68316ce13901a3bac4b35bd16c69947bab715cd0",
      "from": "git+https://github.com/arcatdmz/JS-Interpreter.git",
      "requires": {
        "@types/estree": "0.0.37"
      }
    },
    "acorn": {
      "version": "5.7.3",
      "resolved": "https://registry.npmjs.org/acorn/-/acorn-5.7.3.tgz",
      "integrity": "sha512-T/zvzYRfbVojPWahDsE5evJdHb3oJoQfFbsrKM7w5Zcs++Tr257tia3BmMP8XYVjp1S9RZXQMh7gao96BlqZOw=="
    }
  }
}
